
Microsoft Visual Studio Solution File, Format Version 12.00
# Visual Studio Version 16
VisualStudioVersion = 16.0.28803.352
MinimumVisualStudioVersion = 10.0.40219.1
Project("{FAE04EC0-301F-11D3-BF4B-00C04F79EFBC}") = "RentifyOriginal", "RentifyOriginal\RentifyOriginal.csproj", "{07CEB755-864E-4F35-ACE5-D2E136C16487}"
EndProject
Global
	GlobalSection(SolutionConfigurationPlatforms) = preSolution
		Debug|Any CPU = Debug|Any CPU
		Release|Any CPU = Release|Any CPU
	EndGlobalSection
	GlobalSection(ProjectConfigurationPlatforms) = postSolution
		{07CEB755-864E-4F35-ACE5-D2E136C16487}.Debug|Any CPU.ActiveCfg = Debug|Any CPU
		{07CEB755-864E-4F35-ACE5-D2E136C16487}.Debug|Any CPU.Build.0 = Debug|Any CPU
		{07CEB755-864E-4F35-ACE5-D2E136C16487}.Release|Any CPU.ActiveCfg = Release|Any CPU
		{07CEB755-864E-4F35-ACE5-D2E136C16487}.Release|Any CPU.Build.0 = Release|Any CPU
	EndGlobalSection
	GlobalSection(SolutionProperties) = preSolution
		HideSolutionNode = FALSE
	EndGlobalSection
	GlobalSection(ExtensibilityGlobals) = postSolution
		SolutionGuid = {8564526F-66F7-45FC-8622-FFCAC8FA9954}
	EndGlobalSection
EndGlobal
